
Microsoft Visual Studio Solution File, Format Version 12.00
# Visual Studio Version 17
VisualStudioVersion = 17.4.33213.308
MinimumVisualStudioVersion = 10.0.40219.1
Project("{FAE04EC0-301F-11D3-BF4B-00C04F79EFBC}") = "Control.WEB", "Control.WEB.csproj", "{365644B3-2A39-45E6-8AB1-7881B240021D}"
EndProject
Project("{FAE04EC0-301F-11D3-BF4B-00C04F79EFBC}") = "Control.DAL", "..\Control.DAL\Control.DAL.csproj", "{33126654-03A4-433F-B6F4-A3A08DCCCD19}"
EndProject
Project("{FAE04EC0-301F-11D3-BF4B-00C04F79EFBC}") = "Control.BLL", "..\Control.BLL\Control.BLL.csproj", "{BC2BD083-4F62-4FBB-AF0A-1F399C25B3CE}"
EndProject
Global
	GlobalSection(SolutionConfigurationPlatforms) = preSolution
		Debug|Any CPU = Debug|Any CPU
		Release|Any CPU = Release|Any CPU
	EndGlobalSection
	GlobalSection(ProjectConfigurationPlatforms) = postSolution
		{365644B3-2A39-45E6-8AB1-7881B240021D}.Debug|Any CPU.ActiveCfg = Debug|Any CPU
		{365644B3-2A39-45E6-8AB1-7881B240021D}.Debug|Any CPU.Build.0 = Debug|Any CPU
		{365644B3-2A39-45E6-8AB1-7881B240021D}.Release|Any CPU.ActiveCfg = Release|Any CPU
		{365644B3-2A39-45E6-8AB1-7881B240021D}.Release|Any CPU.Build.0 = Release|Any CPU
		{33126654-03A4-433F-B6F4-A3A08DCCCD19}.Debug|Any CPU.ActiveCfg = Debug|Any CPU
		{33126654-03A4-433F-B6F4-A3A08DCCCD19}.Debug|Any CPU.Build.0 = Debug|Any CPU
		{33126654-03A4-433F-B6F4-A3A08DCCCD19}.Release|Any CPU.ActiveCfg = Release|Any CPU
		{33126654-03A4-433F-B6F4-A3A08DCCCD19}.Release|Any CPU.Build.0 = Release|Any CPU
		{BC2BD083-4F62-4FBB-AF0A-1F399C25B3CE}.Debug|Any CPU.ActiveCfg = Debug|Any CPU
		{BC2BD083-4F62-4FBB-AF0A-1F399C25B3CE}.Debug|Any CPU.Build.0 = Debug|Any CPU
		{BC2BD083-4F62-4FBB-AF0A-1F399C25B3CE}.Release|Any CPU.ActiveCfg = Release|Any CPU
		{BC2BD083-4F62-4FBB-AF0A-1F399C25B3CE}.Release|Any CPU.Build.0 = Release|Any CPU
	EndGlobalSection
	GlobalSection(SolutionProperties) = preSolution
		HideSolutionNode = FALSE
	EndGlobalSection
	GlobalSection(ExtensibilityGlobals) = postSolution
		SolutionGuid = {C0F8A0E6-1D4E-406D-91F2-ADDCF5DBEB8F}
	EndGlobalSection
EndGlobal
